
Microsoft Visual Studio Solution File, Format Version 12.00
# Visual Studio Version 17
VisualStudioVersion = 17.3.32819.101
MinimumVisualStudioVersion = 10.0.40219.1
Project("{FAE04EC0-301F-11D3-BF4B-00C04F79EFBC}") = "JobsAPI", "JobsAPI.csproj", "{28BFD51B-0C08-4AA1-86C8-2E15A5CF4C6D}"
EndProject
Global
	GlobalSection(SolutionConfigurationPlatforms) = preSolution
		Debug|Any CPU = Debug|Any CPU
		Release|Any CPU = Release|Any CPU
	EndGlobalSection
	GlobalSection(ProjectConfigurationPlatforms) = postSolution
		{28BFD51B-0C08-4AA1-86C8-2E15A5CF4C6D}.Debug|Any CPU.ActiveCfg = Debug|Any CPU
		{28BFD51B-0C08-4AA1-86C8-2E15A5CF4C6D}.Debug|Any CPU.Build.0 = Debug|Any CPU
		{28BFD51B-0C08-4AA1-86C8-2E15A5CF4C6D}.Release|Any CPU.ActiveCfg = Release|Any CPU
		{28BFD51B-0C08-4AA1-86C8-2E15A5CF4C6D}.Release|Any CPU.Build.0 = Release|Any CPU
	EndGlobalSection
	GlobalSection(SolutionProperties) = preSolution
		HideSolutionNode = FALSE
	EndGlobalSection
	GlobalSection(ExtensibilityGlobals) = postSolution
		SolutionGuid = {E1942B28-447C-495B-8046-A7A74FBDEF47}
	EndGlobalSection
EndGlobal
